
Microsoft Visual Studio Solution File, Format Version 12.00
# Visual Studio Version 16
VisualStudioVersion = 16.0.30114.128
MinimumVisualStudioVersion = 10.0.40219.1
Project("{FAE04EC0-301F-11D3-BF4B-00C04F79EFBC}") = "Linq_Pagination", "Linq_Pagination.csproj", "{F24F0F7D-1880-4FBF-8BC1-048EB59CC66C}"
EndProject
Global
	GlobalSection(SolutionConfigurationPlatforms) = preSolution
		Debug|Any CPU = Debug|Any CPU
		Release|Any CPU = Release|Any CPU
	EndGlobalSection
	GlobalSection(ProjectConfigurationPlatforms) = postSolution
		{F24F0F7D-1880-4FBF-8BC1-048EB59CC66C}.Debug|Any CPU.ActiveCfg = Debug|Any CPU
		{F24F0F7D-1880-4FBF-8BC1-048EB59CC66C}.Debug|Any CPU.Build.0 = Debug|Any CPU
		{F24F0F7D-1880-4FBF-8BC1-048EB59CC66C}.Release|Any CPU.ActiveCfg = Release|Any CPU
		{F24F0F7D-1880-4FBF-8BC1-048EB59CC66C}.Release|Any CPU.Build.0 = Release|Any CPU
	EndGlobalSection
	GlobalSection(SolutionProperties) = preSolution
		HideSolutionNode = FALSE
	EndGlobalSection
	GlobalSection(ExtensibilityGlobals) = postSolution
		SolutionGuid = {1252D5AF-A1CB-47CB-91BA-37FBCF55D2D2}
	EndGlobalSection
EndGlobal
