
Microsoft Visual Studio Solution File, Format Version 12.00
# Visual Studio Version 16
VisualStudioVersion = 16.0.30114.128
MinimumVisualStudioVersion = 10.0.40219.1
Project("{FAE04EC0-301F-11D3-BF4B-00C04F79EFBC}") = "Fibonacci", "Fibonacci.csproj", "{0AEEAC8D-2B58-4506-BA55-75B68D0161C5}"
EndProject
Global
	GlobalSection(SolutionConfigurationPlatforms) = preSolution
		Debug|Any CPU = Debug|Any CPU
		Release|Any CPU = Release|Any CPU
	EndGlobalSection
	GlobalSection(ProjectConfigurationPlatforms) = postSolution
		{0AEEAC8D-2B58-4506-BA55-75B68D0161C5}.Debug|Any CPU.ActiveCfg = Debug|Any CPU
		{0AEEAC8D-2B58-4506-BA55-75B68D0161C5}.Debug|Any CPU.Build.0 = Debug|Any CPU
		{0AEEAC8D-2B58-4506-BA55-75B68D0161C5}.Release|Any CPU.ActiveCfg = Release|Any CPU
		{0AEEAC8D-2B58-4506-BA55-75B68D0161C5}.Release|Any CPU.Build.0 = Release|Any CPU
	EndGlobalSection
	GlobalSection(SolutionProperties) = preSolution
		HideSolutionNode = FALSE
	EndGlobalSection
	GlobalSection(ExtensibilityGlobals) = postSolution
		SolutionGuid = {DA2E73F9-ECBE-4BF8-8B36-EB36A0DF169F}
	EndGlobalSection
EndGlobal
