
Microsoft Visual Studio Solution File, Format Version 12.00
# Visual Studio Version 16
VisualStudioVersion = 16.0.30114.128
MinimumVisualStudioVersion = 10.0.40219.1
Project("{FAE04EC0-301F-11D3-BF4B-00C04F79EFBC}") = "Roboty", "Roboty.csproj", "{3A43FBF3-78C6-4150-9CD3-80D20EEFADFC}"
EndProject
Global
	GlobalSection(SolutionConfigurationPlatforms) = preSolution
		Debug|Any CPU = Debug|Any CPU
		Release|Any CPU = Release|Any CPU
	EndGlobalSection
	GlobalSection(ProjectConfigurationPlatforms) = postSolution
		{3A43FBF3-78C6-4150-9CD3-80D20EEFADFC}.Debug|Any CPU.ActiveCfg = Debug|Any CPU
		{3A43FBF3-78C6-4150-9CD3-80D20EEFADFC}.Debug|Any CPU.Build.0 = Debug|Any CPU
		{3A43FBF3-78C6-4150-9CD3-80D20EEFADFC}.Release|Any CPU.ActiveCfg = Release|Any CPU
		{3A43FBF3-78C6-4150-9CD3-80D20EEFADFC}.Release|Any CPU.Build.0 = Release|Any CPU
	EndGlobalSection
	GlobalSection(SolutionProperties) = preSolution
		HideSolutionNode = FALSE
	EndGlobalSection
	GlobalSection(ExtensibilityGlobals) = postSolution
		SolutionGuid = {B4BC76D8-2D92-43AD-8AC1-9512D30C8B4C}
	EndGlobalSection
EndGlobal
