
Microsoft Visual Studio Solution File, Format Version 12.00
# Visual Studio Version 16
VisualStudioVersion = 16.0.30223.230
MinimumVisualStudioVersion = 10.0.40219.1
Project("{FAE04EC0-301F-11D3-BF4B-00C04F79EFBC}") = "LookAndRead", "LookAndRead.csproj", "{DDBCB79A-1A25-47D0-94B7-AA1CD23F4615}"
EndProject
Global
	GlobalSection(SolutionConfigurationPlatforms) = preSolution
		Debug|Any CPU = Debug|Any CPU
		Release|Any CPU = Release|Any CPU
	EndGlobalSection
	GlobalSection(ProjectConfigurationPlatforms) = postSolution
		{DDBCB79A-1A25-47D0-94B7-AA1CD23F4615}.Debug|Any CPU.ActiveCfg = Debug|Any CPU
		{DDBCB79A-1A25-47D0-94B7-AA1CD23F4615}.Debug|Any CPU.Build.0 = Debug|Any CPU
		{DDBCB79A-1A25-47D0-94B7-AA1CD23F4615}.Release|Any CPU.ActiveCfg = Release|Any CPU
		{DDBCB79A-1A25-47D0-94B7-AA1CD23F4615}.Release|Any CPU.Build.0 = Release|Any CPU
	EndGlobalSection
	GlobalSection(SolutionProperties) = preSolution
		HideSolutionNode = FALSE
	EndGlobalSection
	GlobalSection(ExtensibilityGlobals) = postSolution
		SolutionGuid = {99E3F3E4-ECED-428D-99BF-0034766B3BCC}
	EndGlobalSection
EndGlobal
